
Microsoft Visual Studio Solution File, Format Version 12.00
# Visual Studio Version 16
VisualStudioVersion = 16.0.30128.74
MinimumVisualStudioVersion = 10.0.40219.1
Project("{FAE04EC0-301F-11D3-BF4B-00C04F79EFBC}") = "ObjektGenerator", "ObjektGenerator\ObjektGenerator.csproj", "{CA8EE832-B52B-4B94-B804-3EFB8432A851}"
EndProject
Global
	GlobalSection(SolutionConfigurationPlatforms) = preSolution
		Debug|Any CPU = Debug|Any CPU
		Release|Any CPU = Release|Any CPU
	EndGlobalSection
	GlobalSection(ProjectConfigurationPlatforms) = postSolution
		{CA8EE832-B52B-4B94-B804-3EFB8432A851}.Debug|Any CPU.ActiveCfg = Debug|Any CPU
		{CA8EE832-B52B-4B94-B804-3EFB8432A851}.Debug|Any CPU.Build.0 = Debug|Any CPU
		{CA8EE832-B52B-4B94-B804-3EFB8432A851}.Release|Any CPU.ActiveCfg = Release|Any CPU
		{CA8EE832-B52B-4B94-B804-3EFB8432A851}.Release|Any CPU.Build.0 = Release|Any CPU
	EndGlobalSection
	GlobalSection(SolutionProperties) = preSolution
		HideSolutionNode = FALSE
	EndGlobalSection
	GlobalSection(ExtensibilityGlobals) = postSolution
		SolutionGuid = {D56CFFD6-0F5F-4334-AA7C-22253A572F6F}
	EndGlobalSection
EndGlobal
